
Microsoft Visual Studio Solution File, Format Version 12.00
# Visual Studio Version 16
VisualStudioVersion = 16.0.31402.337
MinimumVisualStudioVersion = 10.0.40219.1
Project("{FAE04EC0-301F-11D3-BF4B-00C04F79EFBC}") = "HelloService", "HelloService\HelloService.csproj", "{F65F1211-7787-43FD-8192-0897D09641D1}"
EndProject
Project("{FAE04EC0-301F-11D3-BF4B-00C04F79EFBC}") = "HelloServiceHost", "HelloServiceHost\HelloServiceHost.csproj", "{94885607-9BF3-41F5-87B2-F78B854C0E53}"
EndProject
Global
	GlobalSection(SolutionConfigurationPlatforms) = preSolution
		Debug|Any CPU = Debug|Any CPU
		Release|Any CPU = Release|Any CPU
	EndGlobalSection
	GlobalSection(ProjectConfigurationPlatforms) = postSolution
		{F65F1211-7787-43FD-8192-0897D09641D1}.Debug|Any CPU.ActiveCfg = Debug|Any CPU
		{F65F1211-7787-43FD-8192-0897D09641D1}.Debug|Any CPU.Build.0 = Debug|Any CPU
		{F65F1211-7787-43FD-8192-0897D09641D1}.Release|Any CPU.ActiveCfg = Release|Any CPU
		{F65F1211-7787-43FD-8192-0897D09641D1}.Release|Any CPU.Build.0 = Release|Any CPU
		{94885607-9BF3-41F5-87B2-F78B854C0E53}.Debug|Any CPU.ActiveCfg = Debug|Any CPU
		{94885607-9BF3-41F5-87B2-F78B854C0E53}.Debug|Any CPU.Build.0 = Debug|Any CPU
		{94885607-9BF3-41F5-87B2-F78B854C0E53}.Release|Any CPU.ActiveCfg = Release|Any CPU
		{94885607-9BF3-41F5-87B2-F78B854C0E53}.Release|Any CPU.Build.0 = Release|Any CPU
	EndGlobalSection
	GlobalSection(SolutionProperties) = preSolution
		HideSolutionNode = FALSE
	EndGlobalSection
	GlobalSection(ExtensibilityGlobals) = postSolution
		SolutionGuid = {1D1F570B-AAA1-42DA-9763-E36511C82CD4}
	EndGlobalSection
EndGlobal
